
Microsoft Visual Studio Solution File, Format Version 12.00
# Visual Studio 15
Project("{FAE04EC0-301F-11D3-BF4B-00C04F79EFBC}") = "Assembly-CSharp", "Assembly-CSharp.csproj", "{D6AAB707-E884-FB3E-3508-2FEE975DED46}"
EndProject
Project("{FAE04EC0-301F-11D3-BF4B-00C04F79EFBC}") = "Assembly-CSharp-Editor", "Assembly-CSharp-Editor.csproj", "{8F97A430-EDB5-B0F1-386F-546F5BAEC88A}"
EndProject
Global
	GlobalSection(SolutionConfigurationPlatforms) = preSolution
		Debug|Any CPU = Debug|Any CPU
		Release|Any CPU = Release|Any CPU
	EndGlobalSection
	GlobalSection(ProjectConfigurationPlatforms) = postSolution
		{D6AAB707-E884-FB3E-3508-2FEE975DED46}.Debug|Any CPU.ActiveCfg = Debug|Any CPU
		{D6AAB707-E884-FB3E-3508-2FEE975DED46}.Debug|Any CPU.Build.0 = Debug|Any CPU
		{D6AAB707-E884-FB3E-3508-2FEE975DED46}.Release|Any CPU.ActiveCfg = Release|Any CPU
		{D6AAB707-E884-FB3E-3508-2FEE975DED46}.Release|Any CPU.Build.0 = Release|Any CPU
		{8F97A430-EDB5-B0F1-386F-546F5BAEC88A}.Debug|Any CPU.ActiveCfg = Debug|Any CPU
		{8F97A430-EDB5-B0F1-386F-546F5BAEC88A}.Debug|Any CPU.Build.0 = Debug|Any CPU
		{8F97A430-EDB5-B0F1-386F-546F5BAEC88A}.Release|Any CPU.ActiveCfg = Release|Any CPU
		{8F97A430-EDB5-B0F1-386F-546F5BAEC88A}.Release|Any CPU.Build.0 = Release|Any CPU
	EndGlobalSection
	GlobalSection(SolutionProperties) = preSolution
		HideSolutionNode = FALSE
	EndGlobalSection
EndGlobal
